<?xml version="1.0" encoding="utf-8"?>
<Project ToolsVersion="4.0" xmlns="http://schemas.microsoft.com/developer/msbuild/2003">
  <ItemGroup>
    <Filter Include="Globalika">
      <UniqueIdentifier>{CBE49738-374F-4CAF-808D-FD54EC362A04}</UniqueIdentifier>
    </Filter>
  </ItemGroup>
  <ItemGroup>
    <ClInclude Include="src\Globalika.h" />
    <ClInclude Include="src\Globalika\Application.h">
      <Filter>Globalika</Filter>
    </ClInclude>
    <ClInclude Include="src\Globalika\Core.h">
      <Filter>Globalika</Filter>
    </ClInclude>
    <ClInclude Include="src\Globalika\EntryPoint.h">
      <Filter>Globalika</Filter>
    </ClInclude>
    <ClInclude Include="src\Globalika\Log.h">
      <Filter>Globalika</Filter>
    </ClInclude>
  </ItemGroup>
  <ItemGroup>
    <ClCompile Include="src\Globalika\Application.cpp">
      <Filter>Globalika</Filter>
    </ClCompile>
    <ClCompile Include="src\Globalika\Log.cpp">
      <Filter>Globalika</Filter>
    </ClCompile>
  </ItemGroup>
</Project>